Microsoft Visual Studio Solution File, Format Version 12.00
# Visual Studio 2013
VisualStudioVersion = 12.0.40629.0
MinimumVisualStudioVersion = 10.0.40219.1
Project("{8BC9CEB8-8B4A-11D0-8D11-00A0C91BC942}") = "deathmatch01", "Deathmatch01\deathmatch01.vcxproj", "{824474ED-D973-49EC-B383-3DE04AE050FE}"
EndProject
Project("{8BC9CEB8-8B4A-11D0-8D11-00A0C91BC942}") = "Instant", "Instant\Instant.vcxproj", "{09947DDF-D8F1-463F-AEF9-6DE11571ABDA}"
EndProject
Project("{8BC9CEB8-8B4A-11D0-8D11-00A0C91BC942}") = "isdf01", "ISDF01\isdf01.vcxproj", "{C83B586D-8FA2-42B4-B773-9449260E1F2C}"
EndProject
Project("{8BC9CEB8-8B4A-11D0-8D11-00A0C91BC942}") = "isdf02", "ISDF02\isdf02.vcxproj", "{76AFF10A-29D1-485B-81F9-DA17C7348F3E}"
EndProject
Project("{8BC9CEB8-8B4A-11D0-8D11-00A0C91BC942}") = "isdf03", "ISDF03\isdf03.vcxproj", "{2FC201FD-DEFE-465B-81F2-6229DE41E401}"
EndProject
Project("{8BC9CEB8-8B4A-11D0-8D11-00A0C91BC942}") = "isdf04", "ISDF04\isdf04.vcxproj", "{5E5EB440-1310-4430-8B7D-FF0985EF70B0}"
EndProject
Project("{8BC9CEB8-8B4A-11D0-8D11-00A0C91BC942}") = "isdf05", "ISDF05\isdf05.vcxproj", "{4D58D62E-518C-4744-9F90-F2260D5265F8}"
EndProject
Project("{8BC9CEB8-8B4A-11D0-8D11-00A0C91BC942}") = "isdf06", "ISDF06\isdf06.vcxproj", "{7B753008-854B-404E-8E28-322792803569}"
EndProject
Project("{8BC9CEB8-8B4A-11D0-8D11-00A0C91BC942}") = "isdf07", "ISDF07\isdf07.vcxproj", "{0A9BB2EC-DED5-4E7E-9835-C84242540FD6}"
EndProject
Project("{8BC9CEB8-8B4A-11D0-8D11-00A0C91BC942}") = "isdf08", "ISDF08\isdf08.vcxproj", "{C25EAE00-620B-4A70-9709-641AA7E59AC6}"
EndProject
Project("{8BC9CEB8-8B4A-11D0-8D11-00A0C91BC942}") = "isdf09", "ISDF09\isdf09.vcxproj", "{F23F56EB-00EE-40EE-9944-4B2508C50EC5}"
EndProject
Project("{8BC9CEB8-8B4A-11D0-8D11-00A0C91BC942}") = "isdf10", "ISDF10\isdf10.vcxproj", "{11E32612-2E38-424B-9163-0CDFF5740F87}"
EndProject
Project("{8BC9CEB8-8B4A-11D0-8D11-00A0C91BC942}") = "isdf11", "ISDF11\isdf11.vcxproj", "{F05C9DDD-4133-4D57-9E07-3C9A722D0E1E}"
EndProject
Project("{8BC9CEB8-8B4A-11D0-8D11-00A0C91BC942}") = "isdf12", "ISDF12\isdf12.vcxproj", "{AF401637-9211-4499-9C94-ABE6EA346702}"
EndProject
Project("{8BC9CEB8-8B4A-11D0-8D11-00A0C91BC942}") = "isdf13", "ISDF13\isdf13.vcxproj", "{319527A4-32A6-4E91-9CFA-D435A3C153D3}"
EndProject
Project("{8BC9CEB8-8B4A-11D0-8D11-00A0C91BC942}") = "isdf14", "ISDF14\isdf14.vcxproj", "{F0066E66-2C47-4A1B-8960-108A0E7F5C94}"
EndProject
Project("{8BC9CEB8-8B4A-11D0-8D11-00A0C91BC942}") = "isdf15", "ISDF15\isdf15.vcxproj", "{B539A7BC-7D80-42EA-9E07-DAE9518D484C}"
EndProject
Project("{8BC9CEB8-8B4A-11D0-8D11-00A0C91BC942}") = "isdf16", "ISDF16\isdf16.vcxproj", "{DA4C6C9C-F80F-4376-B9ED-AFA801DA0BBC}"
EndProject
Project("{8BC9CEB8-8B4A-11D0-8D11-00A0C91BC942}") = "isdf17", "ISDF17\isdf17.vcxproj", "{3B69B66F-A7A2-4901-91E2-9138811E5E62}"
EndProject
Project("{8BC9CEB8-8B4A-11D0-8D11-00A0C91BC942}") = "isdf20", "ISDF20\isdf20.vcxproj", "{4120C1DC-6F59-4059-8A9F-7793D449C3E4}"
EndProject
Project("{8BC9CEB8-8B4A-11D0-8D11-00A0C91BC942}") = "mpinstant", "mpinstant\mpinstant.vcxproj", "{7DB23CCA-23D9-4BBF-9E6D-7B3E435C1AD4}"
EndProject
Project("{8BC9CEB8-8B4A-11D0-8D11-00A0C91BC942}") = "scion01", "scion01\scion01.vcxproj", "{EA224108-0400-4611-B87B-8BE1F94E0965}"
EndProject
Project("{8BC9CEB8-8B4A-11D0-8D11-00A0C91BC942}") = "scion02", "scion02\scion02.vcxproj", "{73883058-9F2E-47D0-9196-37AFACC0FDF1}"
EndProject
Project("{8BC9CEB8-8B4A-11D0-8D11-00A0C91BC942}") = "scion03", "scion03\scion03.vcxproj", "{CB348128-E8F6-4A73-97D0-9F7F0D1535CB}"
EndProject
Project("{8BC9CEB8-8B4A-11D0-8D11-00A0C91BC942}") = "scion04", "scion04\scion04.vcxproj", "{8D9DD604-EAF7-4CAB-8941-D5B8EDDE3210}"
EndProject
Project("{8BC9CEB8-8B4A-11D0-8D11-00A0C91BC942}") = "scion05", "scion05\scion05.vcxproj", "{D99F22B6-5B8A-408C-9204-8FCC2A0EAC47}"
EndProject
Project("{8BC9CEB8-8B4A-11D0-8D11-00A0C91BC942}") = "scion06", "scion06\scion06.vcxproj", "{CEA2616C-B937-4B45-9C6C-558BAFFD984F}"
EndProject
Project("{8BC9CEB8-8B4A-11D0-8D11-00A0C91BC942}") = "scion07", "scion07\scion07.vcxproj", "{DE37A15E-29DA-49CB-BC34-838C3581C256}"
EndProject
Project("{8BC9CEB8-8B4A-11D0-8D11-00A0C91BC942}") = "Strategy02", "Strategy02\strategy02.vcxproj", "{F2664F57-2E80-431B-A4AD-0A68680DC311}"
EndProject
Project("{8BC9CEB8-8B4A-11D0-8D11-00A0C91BC942}") = "StratCTF", "StratCTF\stratctf.vcxproj", "{7B9A58B5-2D87-421F-9215-760D20134F8A}"
EndProject
Project("{8BC9CEB8-8B4A-11D0-8D11-00A0C91BC942}") = "LuaMission", "LuaMission\LuaMission.vcxproj", "{8060605F-FD36-45E3-86E3-C754FA5FC0A9}"
EndProject
Global
	GlobalSection(SolutionConfigurationPlatforms) = preSolution
		Debug|Win32 = Debug|Win32
		Release|Win32 = Release|Win32
		ReleaseEditor|Win32 = ReleaseEditor|Win32
	EndGlobalSection
	GlobalSection(ProjectConfigurationPlatforms) = postSolution
		{824474ED-D973-49EC-B383-3DE04AE050FE}.Debug|Win32.ActiveCfg = Debug|Win32
		{824474ED-D973-49EC-B383-3DE04AE050FE}.Debug|Win32.Build.0 = Debug|Win32
		{824474ED-D973-49EC-B383-3DE04AE050FE}.Release|Win32.ActiveCfg = Release|Win32
		{824474ED-D973-49EC-B383-3DE04AE050FE}.Release|Win32.Build.0 = Release|Win32
		{824474ED-D973-49EC-B383-3DE04AE050FE}.ReleaseEditor|Win32.ActiveCfg = ReleaseEditor|Win32
		{824474ED-D973-49EC-B383-3DE04AE050FE}.ReleaseEditor|Win32.Build.0 = ReleaseEditor|Win32
		{09947DDF-D8F1-463F-AEF9-6DE11571ABDA}.Debug|Win32.ActiveCfg = Debug|Win32
		{09947DDF-D8F1-463F-AEF9-6DE11571ABDA}.Debug|Win32.Build.0 = Debug|Win32
		{09947DDF-D8F1-463F-AEF9-6DE11571ABDA}.Release|Win32.ActiveCfg = Release|Win32
		{09947DDF-D8F1-463F-AEF9-6DE11571ABDA}.Release|Win32.Build.0 = Release|Win32
		{09947DDF-D8F1-463F-AEF9-6DE11571ABDA}.ReleaseEditor|Win32.ActiveCfg = ReleaseEditor|Win32
		{09947DDF-D8F1-463F-AEF9-6DE11571ABDA}.ReleaseEditor|Win32.Build.0 = ReleaseEditor|Win32
		{C83B586D-8FA2-42B4-B773-9449260E1F2C}.Debug|Win32.ActiveCfg = Debug|Win32
		{C83B586D-8FA2-42B4-B773-9449260E1F2C}.Debug|Win32.Build.0 = Debug|Win32
		{C83B586D-8FA2-42B4-B773-9449260E1F2C}.Release|Win32.ActiveCfg = Release|Win32
		{C83B586D-8FA2-42B4-B773-9449260E1F2C}.Release|Win32.Build.0 = Release|Win32
		{C83B586D-8FA2-42B4-B773-9449260E1F2C}.ReleaseEditor|Win32.ActiveCfg = ReleaseEditor|Win32
		{C83B586D-8FA2-42B4-B773-9449260E1F2C}.ReleaseEditor|Win32.Build.0 = ReleaseEditor|Win32
		{76AFF10A-29D1-485B-81F9-DA17C7348F3E}.Debug|Win32.ActiveCfg = Debug|Win32
		{76AFF10A-29D1-485B-81F9-DA17C7348F3E}.Debug|Win32.Build.0 = Debug|Win32
		{76AFF10A-29D1-485B-81F9-DA17C7348F3E}.Release|Win32.ActiveCfg = Release|Win32
		{76AFF10A-29D1-485B-81F9-DA17C7348F3E}.Release|Win32.Build.0 = Release|Win32
		{76AFF10A-29D1-485B-81F9-DA17C7348F3E}.ReleaseEditor|Win32.ActiveCfg = ReleaseEditor|Win32
		{76AFF10A-29D1-485B-81F9-DA17C7348F3E}.ReleaseEditor|Win32.Build.0 = ReleaseEditor|Win32
		{2FC201FD-DEFE-465B-81F2-6229DE41E401}.Debug|Win32.ActiveCfg = Debug|Win32
		{2FC201FD-DEFE-465B-81F2-6229DE41E401}.Debug|Win32.Build.0 = Debug|Win32
		{2FC201FD-DEFE-465B-81F2-6229DE41E401}.Release|Win32.ActiveCfg = Release|Win32
		{2FC201FD-DEFE-465B-81F2-6229DE41E401}.Release|Win32.Build.0 = Release|Win32
		{2FC201FD-DEFE-465B-81F2-6229DE41E401}.ReleaseEditor|Win32.ActiveCfg = ReleaseEditor|Win32
		{2FC201FD-DEFE-465B-81F2-6229DE41E401}.ReleaseEditor|Win32.Build.0 = ReleaseEditor|Win32
		{5E5EB440-1310-4430-8B7D-FF0985EF70B0}.Debug|Win32.ActiveCfg = Debug|Win32
		{5E5EB440-1310-4430-8B7D-FF0985EF70B0}.Debug|Win32.Build.0 = Debug|Win32
		{5E5EB440-1310-4430-8B7D-FF0985EF70B0}.Release|Win32.ActiveCfg = Release|Win32
		{5E5EB440-1310-4430-8B7D-FF0985EF70B0}.Release|Win32.Build.0 = Release|Win32
		{5E5EB440-1310-4430-8B7D-FF0985EF70B0}.ReleaseEditor|Win32.ActiveCfg = ReleaseEditor|Win32
		{5E5EB440-1310-4430-8B7D-FF0985EF70B0}.ReleaseEditor|Win32.Build.0 = ReleaseEditor|Win32
		{4D58D62E-518C-4744-9F90-F2260D5265F8}.Debug|Win32.ActiveCfg = Debug|Win32
		{4D58D62E-518C-4744-9F90-F2260D5265F8}.Debug|Win32.Build.0 = Debug|Win32
		{4D58D62E-518C-4744-9F90-F2260D5265F8}.Release|Win32.ActiveCfg = Release|Win32
		{4D58D62E-518C-4744-9F90-F2260D5265F8}.Release|Win32.Build.0 = Release|Win32
		{4D58D62E-518C-4744-9F90-F2260D5265F8}.ReleaseEditor|Win32.ActiveCfg = ReleaseEditor|Win32
		{4D58D62E-518C-4744-9F90-F2260D5265F8}.ReleaseEditor|Win32.Build.0 = ReleaseEditor|Win32
		{7B753008-854B-404E-8E28-322792803569}.Debug|Win32.ActiveCfg = Debug|Win32
		{7B753008-854B-404E-8E28-322792803569}.Debug|Win32.Build.0 = Debug|Win32
		{7B753008-854B-404E-8E28-322792803569}.Release|Win32.ActiveCfg = Release|Win32
		{7B753008-854B-404E-8E28-322792803569}.Release|Win32.Build.0 = Release|Win32
		{7B753008-854B-404E-8E28-322792803569}.ReleaseEditor|Win32.ActiveCfg = ReleaseEditor|Win32
		{7B753008-854B-404E-8E28-322792803569}.ReleaseEditor|Win32.Build.0 = ReleaseEditor|Win32
		{0A9BB2EC-DED5-4E7E-9835-C84242540FD6}.Debug|Win32.ActiveCfg = Debug|Win32
		{0A9BB2EC-DED5-4E7E-9835-C84242540FD6}.Debug|Win32.Build.0 = Debug|Win32
		{0A9BB2EC-DED5-4E7E-9835-C84242540FD6}.Release|Win32.ActiveCfg = Release|Win32
		{0A9BB2EC-DED5-4E7E-9835-C84242540FD6}.Release|Win32.Build.0 = Release|Win32
		{0A9BB2EC-DED5-4E7E-9835-C84242540FD6}.ReleaseEditor|Win32.ActiveCfg = ReleaseEditor|Win32
		{0A9BB2EC-DED5-4E7E-9835-C84242540FD6}.ReleaseEditor|Win32.Build.0 = ReleaseEditor|Win32
		{C25EAE00-620B-4A70-9709-641AA7E59AC6}.Debug|Win32.ActiveCfg = Debug|Win32
		{C25EAE00-620B-4A70-9709-641AA7E59AC6}.Debug|Win32.Build.0 = Debug|Win32
		{C25EAE00-620B-4A70-9709-641AA7E59AC6}.Release|Win32.ActiveCfg = Release|Win32
		{C25EAE00-620B-4A70-9709-641AA7E59AC6}.Release|Win32.Build.0 = Release|Win32
		{C25EAE00-620B-4A70-9709-641AA7E59AC6}.ReleaseEditor|Win32.ActiveCfg = ReleaseEditor|Win32
		{C25EAE00-620B-4A70-9709-641AA7E59AC6}.ReleaseEditor|Win32.Build.0 = ReleaseEditor|Win32
		{F23F56EB-00EE-40EE-9944-4B2508C50EC5}.Debug|Win32.ActiveCfg = Debug|Win32
		{F23F56EB-00EE-40EE-9944-4B2508C50EC5}.Debug|Win32.Build.0 = Debug|Win32
		{F23F56EB-00EE-40EE-9944-4B2508C50EC5}.Release|Win32.ActiveCfg = Release|Win32
		{F23F56EB-00EE-40EE-9944-4B2508C50EC5}.Release|Win32.Build.0 = Release|Win32
		{F23F56EB-00EE-40EE-9944-4B2508C50EC5}.ReleaseEditor|Win32.ActiveCfg = ReleaseEditor|Win32
		{F23F56EB-00EE-40EE-9944-4B2508C50EC5}.ReleaseEditor|Win32.Build.0 = ReleaseEditor|Win32
		{11E32612-2E38-424B-9163-0CDFF5740F87}.Debug|Win32.ActiveCfg = Debug|Win32
		{11E32612-2E38-424B-9163-0CDFF5740F87}.Debug|Win32.Build.0 = Debug|Win32
		{11E32612-2E38-424B-9163-0CDFF5740F87}.Release|Win32.ActiveCfg = Release|Win32
		{11E32612-2E38-424B-9163-0CDFF5740F87}.Release|Win32.Build.0 = Release|Win32
		{11E32612-2E38-424B-9163-0CDFF5740F87}.ReleaseEditor|Win32.ActiveCfg = ReleaseEditor|Win32
		{11E32612-2E38-424B-9163-0CDFF5740F87}.ReleaseEditor|Win32.Build.0 = ReleaseEditor|Win32
		{F05C9DDD-4133-4D57-9E07-3C9A722D0E1E}.Debug|Win32.ActiveCfg = Debug|Win32
		{F05C9DDD-4133-4D57-9E07-3C9A722D0E1E}.Debug|Win32.Build.0 = Debug|Win32
		{F05C9DDD-4133-4D57-9E07-3C9A722D0E1E}.Release|Win32.ActiveCfg = Release|Win32
		{F05C9DDD-4133-4D57-9E07-3C9A722D0E1E}.Release|Win32.Build.0 = Release|Win32
		{F05C9DDD-4133-4D57-9E07-3C9A722D0E1E}.ReleaseEditor|Win32.ActiveCfg = ReleaseEditor|Win32
		{F05C9DDD-4133-4D57-9E07-3C9A722D0E1E}.ReleaseEditor|Win32.Build.0 = ReleaseEditor|Win32
		{AF401637-9211-4499-9C94-ABE6EA346702}.Debug|Win32.ActiveCfg = Debug|Win32
		{AF401637-9211-4499-9C94-ABE6EA346702}.Debug|Win32.Build.0 = Debug|Win32
		{AF401637-9211-4499-9C94-ABE6EA346702}.Release|Win32.ActiveCfg = Release|Win32
		{AF401637-9211-4499-9C94-ABE6EA346702}.Release|Win32.Build.0 = Release|Win32
		{AF401637-9211-4499-9C94-ABE6EA346702}.ReleaseEditor|Win32.ActiveCfg = ReleaseEditor|Win32
		{AF401637-9211-4499-9C94-ABE6EA346702}.ReleaseEditor|Win32.Build.0 = ReleaseEditor|Win32
		{319527A4-32A6-4E91-9CFA-D435A3C153D3}.Debug|Win32.ActiveCfg = Debug|Win32
		{319527A4-32A6-4E91-9CFA-D435A3C153D3}.Debug|Win32.Build.0 = Debug|Win32
		{319527A4-32A6-4E91-9CFA-D435A3C153D3}.Release|Win32.ActiveCfg = Release|Win32
		{319527A4-32A6-4E91-9CFA-D435A3C153D3}.Release|Win32.Build.0 = Release|Win32
		{319527A4-32A6-4E91-9CFA-D435A3C153D3}.ReleaseEditor|Win32.ActiveCfg = ReleaseEditor|Win32
		{319527A4-32A6-4E91-9CFA-D435A3C153D3}.ReleaseEditor|Win32.Build.0 = ReleaseEditor|Win32
		{F0066E66-2C47-4A1B-8960-108A0E7F5C94}.Debug|Win32.ActiveCfg = Debug|Win32
		{F0066E66-2C47-4A1B-8960-108A0E7F5C94}.Debug|Win32.Build.0 = Debug|Win32
		{F0066E66-2C47-4A1B-8960-108A0E7F5C94}.Release|Win32.ActiveCfg = Release|Win32
		{F0066E66-2C47-4A1B-8960-108A0E7F5C94}.Release|Win32.Build.0 = Release|Win32
		{F0066E66-2C47-4A1B-8960-108A0E7F5C94}.ReleaseEditor|Win32.ActiveCfg = ReleaseEditor|Win32
		{F0066E66-2C47-4A1B-8960-108A0E7F5C94}.ReleaseEditor|Win32.Build.0 = ReleaseEditor|Win32
		{B539A7BC-7D80-42EA-9E07-DAE9518D484C}.Debug|Win32.ActiveCfg = Debug|Win32
		{B539A7BC-7D80-42EA-9E07-DAE9518D484C}.Debug|Win32.Build.0 = Debug|Win32
		{B539A7BC-7D80-42EA-9E07-DAE9518D484C}.Release|Win32.ActiveCfg = Release|Win32
		{B539A7BC-7D80-42EA-9E07-DAE9518D484C}.Release|Win32.Build.0 = Release|Win32
		{B539A7BC-7D80-42EA-9E07-DAE9518D484C}.ReleaseEditor|Win32.ActiveCfg = ReleaseEditor|Win32
		{B539A7BC-7D80-42EA-9E07-DAE9518D484C}.ReleaseEditor|Win32.Build.0 = ReleaseEditor|Win32
		{DA4C6C9C-F80F-4376-B9ED-AFA801DA0BBC}.Debug|Win32.ActiveCfg = Debug|Win32
		{DA4C6C9C-F80F-4376-B9ED-AFA801DA0BBC}.Debug|Win32.Build.0 = Debug|Win32
		{DA4C6C9C-F80F-4376-B9ED-AFA801DA0BBC}.Release|Win32.ActiveCfg = Release|Win32
		{DA4C6C9C-F80F-4376-B9ED-AFA801DA0BBC}.Release|Win32.Build.0 = Release|Win32
		{DA4C6C9C-F80F-4376-B9ED-AFA801DA0BBC}.ReleaseEditor|Win32.ActiveCfg = ReleaseEditor|Win32
		{DA4C6C9C-F80F-4376-B9ED-AFA801DA0BBC}.ReleaseEditor|Win32.Build.0 = ReleaseEditor|Win32
		{3B69B66F-A7A2-4901-91E2-9138811E5E62}.Debug|Win32.ActiveCfg = Debug|Win32
		{3B69B66F-A7A2-4901-91E2-9138811E5E62}.Debug|Win32.Build.0 = Debug|Win32
		{3B69B66F-A7A2-4901-91E2-9138811E5E62}.Release|Win32.ActiveCfg = Release|Win32
		{3B69B66F-A7A2-4901-91E2-9138811E5E62}.Release|Win32.Build.0 = Release|Win32
		{3B69B66F-A7A2-4901-91E2-9138811E5E62}.ReleaseEditor|Win32.ActiveCfg = ReleaseEditor|Win32
		{3B69B66F-A7A2-4901-91E2-9138811E5E62}.ReleaseEditor|Win32.Build.0 = ReleaseEditor|Win32
		{4120C1DC-6F59-4059-8A9F-7793D449C3E4}.Debug|Win32.ActiveCfg = Debug|Win32
		{4120C1DC-6F59-4059-8A9F-7793D449C3E4}.Debug|Win32.Build.0 = Debug|Win32
		{4120C1DC-6F59-4059-8A9F-7793D449C3E4}.Release|Win32.ActiveCfg = Release|Win32
		{4120C1DC-6F59-4059-8A9F-7793D449C3E4}.Release|Win32.Build.0 = Release|Win32
		{4120C1DC-6F59-4059-8A9F-7793D449C3E4}.ReleaseEditor|Win32.ActiveCfg = ReleaseEditor|Win32
		{4120C1DC-6F59-4059-8A9F-7793D449C3E4}.ReleaseEditor|Win32.Build.0 = ReleaseEditor|Win32
		{7DB23CCA-23D9-4BBF-9E6D-7B3E435C1AD4}.Debug|Win32.ActiveCfg = Debug|Win32
		{7DB23CCA-23D9-4BBF-9E6D-7B3E435C1AD4}.Debug|Win32.Build.0 = Debug|Win32
		{7DB23CCA-23D9-4BBF-9E6D-7B3E435C1AD4}.Release|Win32.ActiveCfg = Release|Win32
		{7DB23CCA-23D9-4BBF-9E6D-7B3E435C1AD4}.Release|Win32.Build.0 = Release|Win32
		{7DB23CCA-23D9-4BBF-9E6D-7B3E435C1AD4}.ReleaseEditor|Win32.ActiveCfg = ReleaseEditor|Win32
		{7DB23CCA-23D9-4BBF-9E6D-7B3E435C1AD4}.ReleaseEditor|Win32.Build.0 = ReleaseEditor|Win32
		{EA224108-0400-4611-B87B-8BE1F94E0965}.Debug|Win32.ActiveCfg = Debug|Win32
		{EA224108-0400-4611-B87B-8BE1F94E0965}.Debug|Win32.Build.0 = Debug|Win32
		{EA224108-0400-4611-B87B-8BE1F94E0965}.Release|Win32.ActiveCfg = Release|Win32
		{EA224108-0400-4611-B87B-8BE1F94E0965}.Release|Win32.Build.0 = Release|Win32
		{EA224108-0400-4611-B87B-8BE1F94E0965}.ReleaseEditor|Win32.ActiveCfg = ReleaseEditor|Win32
		{EA224108-0400-4611-B87B-8BE1F94E0965}.ReleaseEditor|Win32.Build.0 = ReleaseEditor|Win32
		{73883058-9F2E-47D0-9196-37AFACC0FDF1}.Debug|Win32.ActiveCfg = Debug|Win32
		{73883058-9F2E-47D0-9196-37AFACC0FDF1}.Debug|Win32.Build.0 = Debug|Win32
		{73883058-9F2E-47D0-9196-37AFACC0FDF1}.Release|Win32.ActiveCfg = Release|Win32
		{73883058-9F2E-47D0-9196-37AFACC0FDF1}.Release|Win32.Build.0 = Release|Win32
		{73883058-9F2E-47D0-9196-37AFACC0FDF1}.ReleaseEditor|Win32.ActiveCfg = ReleaseEditor|Win32
		{73883058-9F2E-47D0-9196-37AFACC0FDF1}.ReleaseEditor|Win32.Build.0 = ReleaseEditor|Win32
		{CB348128-E8F6-4A73-97D0-9F7F0D1535CB}.Debug|Win32.ActiveCfg = Debug|Win32
		{CB348128-E8F6-4A73-97D0-9F7F0D1535CB}.Debug|Win32.Build.0 = Debug|Win32
		{CB348128-E8F6-4A73-97D0-9F7F0D1535CB}.Release|Win32.ActiveCfg = Release|Win32
		{CB348128-E8F6-4A73-97D0-9F7F0D1535CB}.Release|Win32.Build.0 = Release|Win32
		{CB348128-E8F6-4A73-97D0-9F7F0D1535CB}.ReleaseEditor|Win32.ActiveCfg = ReleaseEditor|Win32
		{CB348128-E8F6-4A73-97D0-9F7F0D1535CB}.ReleaseEditor|Win32.Build.0 = ReleaseEditor|Win32
		{8D9DD604-EAF7-4CAB-8941-D5B8EDDE3210}.Debug|Win32.ActiveCfg = Debug|Win32
		{8D9DD604-EAF7-4CAB-8941-D5B8EDDE3210}.Debug|Win32.Build.0 = Debug|Win32
		{8D9DD604-EAF7-4CAB-8941-D5B8EDDE3210}.Release|Win32.ActiveCfg = Release|Win32
		{8D9DD604-EAF7-4CAB-8941-D5B8EDDE3210}.Release|Win32.Build.0 = Release|Win32
		{8D9DD604-EAF7-4CAB-8941-D5B8EDDE3210}.ReleaseEditor|Win32.ActiveCfg = ReleaseEditor|Win32
		{8D9DD604-EAF7-4CAB-8941-D5B8EDDE3210}.ReleaseEditor|Win32.Build.0 = ReleaseEditor|Win32
		{D99F22B6-5B8A-408C-9204-8FCC2A0EAC47}.Debug|Win32.ActiveCfg = Debug|Win32
		{D99F22B6-5B8A-408C-9204-8FCC2A0EAC47}.Debug|Win32.Build.0 = Debug|Win32
		{D99F22B6-5B8A-408C-9204-8FCC2A0EAC47}.Release|Win32.ActiveCfg = Release|Win32
		{D99F22B6-5B8A-408C-9204-8FCC2A0EAC47}.Release|Win32.Build.0 = Release|Win32
		{D99F22B6-5B8A-408C-9204-8FCC2A0EAC47}.ReleaseEditor|Win32.ActiveCfg = ReleaseEditor|Win32
		{D99F22B6-5B8A-408C-9204-8FCC2A0EAC47}.ReleaseEditor|Win32.Build.0 = ReleaseEditor|Win32
		{CEA2616C-B937-4B45-9C6C-558BAFFD984F}.Debug|Win32.ActiveCfg = Debug|Win32
		{CEA2616C-B937-4B45-9C6C-558BAFFD984F}.Debug|Win32.Build.0 = Debug|Win32
		{CEA2616C-B937-4B45-9C6C-558BAFFD984F}.Release|Win32.ActiveCfg = Release|Win32
		{CEA2616C-B937-4B45-9C6C-558BAFFD984F}.Release|Win32.Build.0 = Release|Win32
		{CEA2616C-B937-4B45-9C6C-558BAFFD984F}.ReleaseEditor|Win32.ActiveCfg = ReleaseEditor|Win32
		{CEA2616C-B937-4B45-9C6C-558BAFFD984F}.ReleaseEditor|Win32.Build.0 = ReleaseEditor|Win32
		{DE37A15E-29DA-49CB-BC34-838C3581C256}.Debug|Win32.ActiveCfg = Debug|Win32
		{DE37A15E-29DA-49CB-BC34-838C3581C256}.Debug|Win32.Build.0 = Debug|Win32
		{DE37A15E-29DA-49CB-BC34-838C3581C256}.Release|Win32.ActiveCfg = Release|Win32
		{DE37A15E-29DA-49CB-BC34-838C3581C256}.Release|Win32.Build.0 = Release|Win32
		{DE37A15E-29DA-49CB-BC34-838C3581C256}.ReleaseEditor|Win32.ActiveCfg = ReleaseEditor|Win32
		{DE37A15E-29DA-49CB-BC34-838C3581C256}.ReleaseEditor|Win32.Build.0 = ReleaseEditor|Win32
		{F2664F57-2E80-431B-A4AD-0A68680DC311}.Debug|Win32.ActiveCfg = Debug|Win32
		{F2664F57-2E80-431B-A4AD-0A68680DC311}.Debug|Win32.Build.0 = Debug|Win32
		{F2664F57-2E80-431B-A4AD-0A68680DC311}.Release|Win32.ActiveCfg = Release|Win32
		{F2664F57-2E80-431B-A4AD-0A68680DC311}.Release|Win32.Build.0 = Release|Win32
		{F2664F57-2E80-431B-A4AD-0A68680DC311}.ReleaseEditor|Win32.ActiveCfg = ReleaseEditor|Win32
		{F2664F57-2E80-431B-A4AD-0A68680DC311}.ReleaseEditor|Win32.Build.0 = ReleaseEditor|Win32
		{7B9A58B5-2D87-421F-9215-760D20134F8A}.Debug|Win32.ActiveCfg = Debug|Win32
		{7B9A58B5-2D87-421F-9215-760D20134F8A}.Debug|Win32.Build.0 = Debug|Win32
		{7B9A58B5-2D87-421F-9215-760D20134F8A}.Release|Win32.ActiveCfg = Release|Win32
		{7B9A58B5-2D87-421F-9215-760D20134F8A}.Release|Win32.Build.0 = Release|Win32
		{7B9A58B5-2D87-421F-9215-760D20134F8A}.ReleaseEditor|Win32.ActiveCfg = ReleaseEditor|Win32
		{7B9A58B5-2D87-421F-9215-760D20134F8A}.ReleaseEditor|Win32.Build.0 = ReleaseEditor|Win32
		{8060605F-FD36-45E3-86E3-C754FA5FC0A9}.Debug|Win32.ActiveCfg = Debug|Win32
		{8060605F-FD36-45E3-86E3-C754FA5FC0A9}.Debug|Win32.Build.0 = Debug|Win32
		{8060605F-FD36-45E3-86E3-C754FA5FC0A9}.Release|Win32.ActiveCfg = Release|Win32
		{8060605F-FD36-45E3-86E3-C754FA5FC0A9}.Release|Win32.Build.0 = Release|Win32
		{8060605F-FD36-45E3-86E3-C754FA5FC0A9}.ReleaseEditor|Win32.ActiveCfg = ReleaseEditor|Win32
		{8060605F-FD36-45E3-86E3-C754FA5FC0A9}.ReleaseEditor|Win32.Build.0 = ReleaseEditor|Win32
	EndGlobalSection
	GlobalSection(SolutionProperties) = preSolution
		HideSolutionNode = FALSE
	EndGlobalSection
EndGlobal
